{
  "name": "@emeralt/database-inmemory",
  "version": "0.0.18",
  "lockfileVersion": 1,
  "requires": true,
  "dependencies": {
    "test": {
      "version": "1.0.0",
      "resolved": "http://localhost:8080/-/tarball/test/1.0.0",
      "integrity": "sha512-kR/xe1mBp1+QH8uYcO437JzP/CsVjyCK2XR851VqgKzHPvfYxfvSfP/MZ6YYjpiBaEBF6ME2XTwWFJScoiqqfw=="
    }
  }
}
